
Microsoft Visual Studio Solution File, Format Version 12.00
Project("{FAE04EC0-301F-11D3-BF4B-00C04F79EFBC}") = "KupoFinder", "KupoFinder\KupoFinder.csproj", "{E3F341B4-A211-45E9-B9F0-0E6984DDF89C}"
EndProject
Global
	GlobalSection(SolutionConfigurationPlatforms) = preSolution
		Debug|Any CPU = Debug|Any CPU
		Release|Any CPU = Release|Any CPU
	EndGlobalSection
	GlobalSection(ProjectConfigurationPlatforms) = postSolution
		{E3F341B4-A211-45E9-B9F0-0E6984DDF89C}.Debug|Any CPU.ActiveCfg = Debug|Any CPU
		{E3F341B4-A211-45E9-B9F0-0E6984DDF89C}.Debug|Any CPU.Build.0 = Debug|Any CPU
		{E3F341B4-A211-45E9-B9F0-0E6984DDF89C}.Release|Any CPU.ActiveCfg = Release|Any CPU
		{E3F341B4-A211-45E9-B9F0-0E6984DDF89C}.Release|Any CPU.Build.0 = Release|Any CPU
	EndGlobalSection
EndGlobal
